
Microsoft Visual Studio Solution File, Format Version 12.00
# Visual Studio 15
VisualStudioVersion = 15.0.27703.2035
MinimumVisualStudioVersion = 10.0.40219.1
Project("{F2A71F9B-5D33-465A-A702-920D77279786}") = "Playground.Console", "Playground.Console\Playground.Console.fsproj", "{FB7AD63D-149A-4437-8BEC-BDCC1313D4F3}"
EndProject
Global
	GlobalSection(SolutionConfigurationPlatforms) = preSolution
		Debug|Any CPU = Debug|Any CPU
		Release|Any CPU = Release|Any CPU
	EndGlobalSection
	GlobalSection(ProjectConfigurationPlatforms) = postSolution
		{FB7AD63D-149A-4437-8BEC-BDCC1313D4F3}.Debug|Any CPU.ActiveCfg = Debug|Any CPU
		{FB7AD63D-149A-4437-8BEC-BDCC1313D4F3}.Debug|Any CPU.Build.0 = Debug|Any CPU
		{FB7AD63D-149A-4437-8BEC-BDCC1313D4F3}.Release|Any CPU.ActiveCfg = Release|Any CPU
		{FB7AD63D-149A-4437-8BEC-BDCC1313D4F3}.Release|Any CPU.Build.0 = Release|Any CPU
	EndGlobalSection
	GlobalSection(SolutionProperties) = preSolution
		HideSolutionNode = FALSE
	EndGlobalSection
	GlobalSection(ExtensibilityGlobals) = postSolution
		SolutionGuid = {6BA12398-DFD3-487B-B5D3-3492D848261F}
	EndGlobalSection
EndGlobal
